
Microsoft Visual Studio Solution File, Format Version 12.00
# Visual Studio 2015
Project("{FAE04EC0-301F-11D3-BF4B-00C04F79EFBC}") = "UnityTest_room.CSharp", "UnityTest_room.CSharp.csproj", "{395AE4B3-E539-20D9-F627-97D83EE98142}"
EndProject
Global
	GlobalSection(SolutionConfigurationPlatforms) = preSolution
		Debug|Any CPU = Debug|Any CPU
		Release|Any CPU = Release|Any CPU
	EndGlobalSection
	GlobalSection(ProjectConfigurationPlatforms) = postSolution
		{395AE4B3-E539-20D9-F627-97D83EE98142}.Debug|Any CPU.ActiveCfg = Debug|Any CPU
		{395AE4B3-E539-20D9-F627-97D83EE98142}.Debug|Any CPU.Build.0 = Debug|Any CPU
		{395AE4B3-E539-20D9-F627-97D83EE98142}.Release|Any CPU.ActiveCfg = Release|Any CPU
		{395AE4B3-E539-20D9-F627-97D83EE98142}.Release|Any CPU.Build.0 = Release|Any CPU
	EndGlobalSection
	GlobalSection(SolutionProperties) = preSolution
		HideSolutionNode = FALSE
	EndGlobalSection
EndGlobal
